// !$*UTF8*$!
{
	archiveVersion = 1;
	classes = {
	};
	objectVersion = 46;
	objects = {

/* Begin PBXBuildFile section */
		4C607B1D1BE91106009E4D81 /* main.m in Sources */ = {isa = PBXBuildFile; fileRef = 4C607B1C1BE91106009E4D81 /* main.m */; };
		4C607B201BE91106009E4D81 /* AppDelegate.m in Sources */ = {isa = PBXBuildFile; fileRef = 4C607B1F1BE91106009E4D81 /* AppDelegate.m */; };
		4C607B231BE91106009E4D81 /* ViewController.m in Sources */ = {isa = PBXBuildFile; fileRef = 4C607B221BE91106009E4D81 /* ViewController.m */; };
		4C607B261BE91106009E4D81 /* Main.storyboard in Resources */ = {isa = PBXBuildFile; fileRef = 4C607B241BE91106009E4D81 /* Main.storyboard */; };
		4C607B281BE91106009E4D81 /* Assets.xcassets in Resources */ = {isa = PBXBuildFile; fileRef = 4C607B271BE91106009E4D81 /* Assets.xcassets */; };
		4C607B2B1BE91106009E4D81 /* LaunchScreen.storyboard in Resources */ = {isa = PBXBuildFile; fileRef = 4C607B291BE91106009E4D81 /* LaunchScreen.storyboard */; };
/* End PBXBuildFile section */

/* Begin PBXFileReference section */
		4C607B181BE91106009E4D81 /* Foo.app */ = {isa = PBXFileReference; explicitFileType = wrapper.application; includeInIndex = 0; path = Foo.app; sourceTree = BUILT_PRODUCTS_DIR; };
		4C607B1C1BE91106009E4D81 /* main.m */ = {isa = PBXFileReference; lastKnownFileType = sourcecode.c.objc; path = main.m; sourceTree = "<group>"; };
		4C607B1E1BE91106009E4D81 /* AppDelegate.h */ = {isa = PBXFileReference; lastKnownFileType = sourcecode.c.h; path = AppDelegate.h; sourceTree = "<group>"; };
		4C607B1F1BE91106009E4D81 /* AppDelegate.m */ = {isa = PBXFileReference; lastKnownFileType = sourcecode.c.objc; path = AppDelegate.m; sourceTree = "<group>"; };
		4C607B211BE91106009E4D81 /* ViewController.h */ = {isa = PBXFileReference; lastKnownFileType = sourcecode.c.h; path = ViewController.h; sourceTree = "<group>"; };
		4C607B221BE91106009E4D81 /* ViewController.m */ = {isa = PBXFileReference; lastKnownFileType = sourcecode.c.objc; path = ViewController.m; sourceTree = "<group>"; };
		4C607B251BE91106009E4D81 /* Base */ = {isa = PBXFileReference; lastKnownFileType = file.storyboard; name = Base; path = Base.lproj/Main.storyboard; sourceTree = "<group>"; };
		4C607B271BE91106009E4D81 /* Assets.xcassets */ = {isa = PBXFileReference; lastKnownFileType = folder.assetcatalog; path = Assets.xcassets; sourceTree = "<group>"; };
		4C607B2A1BE91106009E4D81 /* Base */ = {isa = PBXFileReference; lastKnownFileType = file.storyboard; name = Base; path = Base.lproj/LaunchScreen.storyboard; sourceTree = "<group>"; };
		4C607B2C1BE91106009E4D81 /* Info.plist */ = {isa = PBXFileReference; lastKnownFileType = text.plist.xml; path = Info.plist; sourceTree = "<group>"; };
/* End PBXFileReference section */

/* Begin PBXFrameworksBuildPhase section */
		4C607B151BE91106009E4D81 /* Frameworks */ = {
			isa = PBXFrameworksBuildPhase;
			buildActionMask = 2147483647;
			files = (
			);
			runOnlyForDeploymentPostprocessing = 0;
		};
/* End PBXFrameworksBuildPhase section */

/* Begin PBXGroup section */
		4C607B0F1BE91106009E4D81 = {
			isa = PBXGroup;
			children = (
				4C607B1A1BE91106009E4D81 /* Foo */,
				4C607B191BE91106009E4D81 /* Products */,
			);
			sourceTree = "<group>";
		};
		4C607B191BE91106009E4D81 /* Products */ = {
			isa = PBXGroup;
			children = (
				4C607B181BE91106009E4D81 /* Foo.app */,
			);
			name = Products;
			sourceTree = "<group>";
		};
		4C607B1A1BE91106009E4D81 /* Foo */ = {
			isa = PBXGroup;
			children = (
				4C607B1E1BE91106009E4D81 /* AppDelegate.h */,
				4C607B1F1BE91106009E4D81 /* AppDelegate.m */,
				4C607B211BE91106009E4D81 /* ViewController.h */,
				4C607B221BE91106009E4D81 /* ViewController.m */,
				4C607B241BE91106009E4D81 /* Main.storyboard */,
				4C607B271BE91106009E4D81 /* Assets.xcassets */,
				4C607B291BE91106009E4D81 /* LaunchScreen.storyboard */,
				4C607B2C1BE91106009E4D81 /* Info.plist */,
				4C607B1B1BE91106009E4D81 /* Supporting Files */,
			);
			path = Foo;
			sourceTree = "<group>";
		};
		4C607B1B1BE91106009E4D81 /* Supporting Files */ = {
			isa = PBXGroup;
			children = (
				4C607B1C1BE91106009E4D81 /* main.m */,
			);
			name = "Supporting Files";
			sourceTree = "<group>";
		};
/* End PBXGroup section */

/* Begin PBXNativeTarget section */
		4C607B171BE91106009E4D81 /* Foo */ = {
			isa = PBXNativeTarget;
			buildConfigurationList = 4C607B2F1BE91106009E4D81 /* Build configuration list for PBXNativeTarget "Foo" */;
			buildPhases = (
				4C607B141BE91106009E4D81 /* Sources */,
				4C607B151BE91106009E4D81 /* Frameworks */,
				4C607B161BE91106009E4D81 /* Resources */,
			);
			buildRules = (
			);
			dependencies = (
			);
			name = Foo;
			productName = Foo;
			productReference = 4C607B181BE91106009E4D81 /* Foo.app */;
			productType = "com.apple.product-type.application";
		};
/* End PBXNativeTarget section */

/* Begin PBXProject section */
		4C607B101BE91106009E4D81 /* Project object */ = {
			isa = PBXProject;
			attributes = {
				LastUpgradeCheck = 0710;
				ORGANIZATIONNAME = Erik;
				TargetAttributes = {
					4C607B171BE91106009E4D81 = {
						CreatedOnToolsVersion = 7.1;
					};
				};
			};
			buildConfigurationList = 4C607B131BE91106009E4D81 /* Build configuration list for PBXProject "Foo" */;
			compatibilityVersion = "Xcode 3.2";
			developmentRegion = English;
			hasScannedForEncodings = 0;
			knownRegions = (
				en,
				Base,
			);
			mainGroup = 4C607B0F1BE91106009E4D81;
			productRefGroup = 4C607B191BE91106009E4D81 /* Products */;
			projectDirPath = "";
			projectRoot = "";
			targets = (
				4C607B171BE91106009E4D81 /* Foo */,
			);
		};
/* End PBXProject section */

/* Begin PBXResourcesBuildPhase section */
		4C607B161BE91106009E4D81 /* Resources */ = {
			isa = PBXResourcesBuildPhase;
			buildActionMask = 2147483647;
			files = (
				4C607B2B1BE91106009E4D81 /* LaunchScreen.storyboard in Resources */,
				4C607B281BE91106009E4D81 /* Assets.xcassets in Resources */,
				4C607B261BE91106009E4D81 /* Main.storyboard in Resources */,
			);
			runOnlyForDeploymentPostprocessing = 0;
		};
/* End PBXResourcesBuildPhase section */

/* Begin PBXSourcesBuildPhase section */
		4C607B141BE91106009E4D81 /* Sources */ = {
			isa = PBXSourcesBuildPhase;
			buildActionMask = 2147483647;
			files = (
				4C607B231BE91106009E4D81 /* ViewController.m in Sources */,
				4C607B201BE91106009E4D81 /* AppDelegate.m in Sources */,
				4C607B1D1BE91106009E4D81 /* main.m in Sources */,
			);
			runOnlyForDeploymentPostprocessing = 0;
		};
/* End PBXSourcesBuildPhase section */

/* Begin PBXVariantGroup section */
		4C607B241BE91106009E4D81 /* Main.storyboard */ = {
			isa = PBXVariantGroup;
			children = (
				4C607B251BE91106009E4D81 /* Base */,
			);
			name = Main.storyboard;
			sourceTree = "<group>";
		};
		4C607B291BE91106009E4D81 /* LaunchScreen.storyboard */ = {
			isa = PBXVariantGroup;
			children = (
				4C607B2A1BE91106009E4D81 /* Base */,
			);
			name = LaunchScreen.storyboard;
			sourceTree = "<group>";
		};
/* End PBXVariantGroup section */

/* Begin XCBuildConfiguration section */
		4C607B2D1BE91106009E4D81 /* Debug */ = {
			isa = XCBuildConfiguration;
			buildSettings = {
				ALWAYS_SEARCH_USER_PATHS = NO;
				CLANG_CXX_LANGUAGE_STANDARD = "gnu++0x";
				CLANG_CXX_LIBRARY = "libc++";
				CLANG_ENABLE_MODULES = YES;
				CLANG_ENABLE_OBJC_ARC = YES;
				CLANG_WARN_BOOL_CONVERSION = YES;
				CLANG_WARN_CONSTANT_CONVERSION = YES;
				CLANG_WARN_DIRECT_OBJC_ISA_USAGE = YES_ERROR;
				CLANG_WARN_EMPTY_BODY = YES;
				CLANG_WARN_ENUM_CONVERSION = YES;
				CLANG_WARN_INT_CONVERSION = YES;
				CLANG_WARN_OBJC_ROOT_CLASS = YES_ERROR;
				CLANG_WARN_UNREACHABLE_CODE = YES;
				CLANG_WARN__DUPLICATE_METHOD_MATCH = YES;
				"CODE_SIGN_IDENTITY[sdk=iphoneos*]" = "iPhone Developer";
				COPY_PHASE_STRIP = NO;
				DEBUG_INFORMATION_FORMAT = dwarf;
				ENABLE_STRICT_OBJC_MSGSEND = YES;
				ENABLE_TESTABILITY = YES;
				GCC_C_LANGUAGE_STANDARD = gnu99;
				GCC_DYNAMIC_NO_PIC = NO;
				GCC_NO_COMMON_BLOCKS = YES;
				GCC_OPTIMIZATION_LEVEL = 0;
				GCC_PREPROCESSOR_DEFINITIONS = (
					"DEBUG=1",
					"$(inherited)",
				);
				GCC_WARN_64_TO_32_BIT_CONVERSION = YES;
				GCC_WARN_ABOUT_RETURN_TYPE = YES_ERROR;
				GCC_WARN_UNDECLARED_SELECTOR = YES;
				GCC_WARN_UNINITIALIZED_AUTOS = YES_AGGRESSIVE;
				GCC_WARN_UNUSED_FUNCTION = YES;
				GCC_WARN_UNUSED_VARIABLE = YES;
				IPHONEOS_DEPLOYMENT_TARGET = 9.1;
				MTL_ENABLE_DEBUG_INFO = YES;
				ONLY_ACTIVE_ARCH = YES;
				SDKROOT = iphoneos;
			};
			name = Debug;
		};
		4C607B2E1BE91106009E4D81 /* Release */ = {
			isa = XCBuildConfiguration;
			buildSettings = {
				ALWAYS_SEARCH_USER_PATHS = NO;
				CLANG_CXX_LANGUAGE_STANDARD = "gnu++0x";
				CLANG_CXX_LIBRARY = "libc++";
				CLANG_ENABLE_MODULES = YES;
				CLANG_ENABLE_OBJC_ARC = YES;
				CLANG_WARN_BOOL_CONVERSION = YES;
				CLANG_WARN_CONSTANT_CONVERSION = YES;
				CLANG_WARN_DIRECT_OBJC_ISA_USAGE = YES_ERROR;
				CLANG_WARN_EMPTY_BODY = YES;
				CLANG_WARN_ENUM_CONVERSION = YES;
				CLANG_WARN_INT_CONVERSION = YES;
				CLANG_WARN_OBJC_ROOT_CLASS = YES_ERROR;
				CLANG_WARN_UNREACHABLE_CODE = YES;
				CLANG_WARN__DUPLICATE_METHOD_MATCH = YES;
				"CODE_SIGN_IDENTITY[sdk=iphoneos*]" = "iPhone Developer";
				COPY_PHASE_STRIP = NO;
				DEBUG_INFORMATION_FORMAT = "dwarf-with-dsym";
				ENABLE_NS_ASSERTIONS = NO;
				ENABLE_STRICT_OBJC_MSGSEND = YES;
				GCC_C_LANGUAGE_STANDARD = gnu99;
				GCC_NO_COMMON_BLOCKS = YES;
				GCC_WARN_64_TO_32_BIT_CONVERSION = YES;
				GCC_WARN_ABOUT_RETURN_TYPE = YES_ERROR;
				GCC_WARN_UNDECLARED_SELECTOR = YES;
				GCC_WARN_UNINITIALIZED_AUTOS = YES_AGGRESSIVE;
				GCC_WARN_UNUSED_FUNCTION = YES;
				GCC_WARN_UNUSED_VARIABLE = YES;
				IPHONEOS_DEPLOYMENT_TARGET = 9.1;
				MTL_ENABLE_DEBUG_INFO = NO;
				SDKROOT = iphoneos;
				VALIDATE_PRODUCT = YES;
			};
			name = Release;
		};
		4C607B301BE91106009E4D81 /* Debug */ = {
			isa = XCBuildConfiguration;
			buildSettings = {
				ASSETCATALOG_COMPILER_APPICON_NAME = AppIcon;
				INFOPLIST_FILE = Foo/Info.plist;
				LD_RUNPATH_SEARCH_PATHS = "$(inherited) @executable_path/Frameworks";
				PRODUCT_BUNDLE_IDENTIFIER = com.siretu.Foo;
				PRODUCT_NAME = "$(TARGET_NAME)";
			};
			name = Debug;
		};
		4C607B311BE91106009E4D81 /* Release */ = {
			isa = XCBuildConfiguration;
			buildSettings = {
				ASSETCATALOG_COMPILER_APPICON_NAME = AppIcon;
				INFOPLIST_FILE = Foo/Info.plist;
				LD_RUNPATH_SEARCH_PATHS = "$(inherited) @executable_path/Frameworks";
				PRODUCT_BUNDLE_IDENTIFIER = com.siretu.Foo;
				PRODUCT_NAME = "$(TARGET_NAME)";
			};
			name = Release;
		};
/* End XCBuildConfiguration section */

/* Begin XCConfigurationList section */
		4C607B131BE91106009E4D81 /* Build configuration list for PBXProject "Foo" */ = {
			isa = XCConfigurationList;
			buildConfigurations = (
				4C607B2D1BE91106009E4D81 /* Debug */,
				4C607B2E1BE91106009E4D81 /* Release */,
			);
			defaultConfigurationIsVisible = 0;
			defaultConfigurationName = Release;
		};
		4C607B2F1BE91106009E4D81 /* Build configuration list for PBXNativeTarget "Foo" */ = {
			isa = XCConfigurationList;
			buildConfigurations = (
				4C607B301BE91106009E4D81 /* Debug */,
				4C607B311BE91106009E4D81 /* Release */,
			);
			defaultConfigurationIsVisible = 0;
		};
/* End XCConfigurationList section */
	};
	rootObject = 4C607B101BE91106009E4D81 /* Project object */;
}
